
Microsoft Visual Studio Solution File, Format Version 12.00
# Visual Studio Version 16
VisualStudioVersion = 16.0.30204.135
MinimumVisualStudioVersion = 10.0.40219.1
Project("{FAE04EC0-301F-11D3-BF4B-00C04F79EFBC}") = "CSCorona", "CSCorona.csproj", "{79A92042-F1BC-49CF-879E-303A5C102C05}"
EndProject
Global
	GlobalSection(SolutionConfigurationPlatforms) = preSolution
		Debug|Any CPU = Debug|Any CPU
		Release|Any CPU = Release|Any CPU
	EndGlobalSection
	GlobalSection(ProjectConfigurationPlatforms) = postSolution
		{79A92042-F1BC-49CF-879E-303A5C102C05}.Debug|Any CPU.ActiveCfg = Debug|Any CPU
		{79A92042-F1BC-49CF-879E-303A5C102C05}.Debug|Any CPU.Build.0 = Debug|Any CPU
		{79A92042-F1BC-49CF-879E-303A5C102C05}.Release|Any CPU.ActiveCfg = Release|Any CPU
		{79A92042-F1BC-49CF-879E-303A5C102C05}.Release|Any CPU.Build.0 = Release|Any CPU
	EndGlobalSection
	GlobalSection(SolutionProperties) = preSolution
		HideSolutionNode = FALSE
	EndGlobalSection
	GlobalSection(ExtensibilityGlobals) = postSolution
		SolutionGuid = {D1E77C44-ECAE-48E6-9A7B-008013A8783B}
	EndGlobalSection
EndGlobal
